<?xml version="1.0" encoding="utf-8"?>
<Project ToolsVersion="4.0" xmlns="http://schemas.microsoft.com/developer/msbuild/2003">
  <ItemGroup>
    <Filter Include="Archivos de origen">
      <UniqueIdentifier>{4FC737F1-C7A5-4376-A066-2A32D752A2FF}</UniqueIdentifier>
      <Extensions>cpp;c;cc;cxx;c++;cppm;ixx;def;odl;idl;hpj;bat;asm;asmx</Extensions>
    </Filter>
    <Filter Include="Archivos de encabezado">
      <UniqueIdentifier>{93995380-89BD-4b04-88EB-625FBE52EBFB}</UniqueIdentifier>
      <Extensions>h;hh;hpp;hxx;h++;hm;inl;inc;ipp;xsd</Extensions>
    </Filter>
    <Filter Include="Archivos de recursos">
      <UniqueIdentifier>{67DA6AB6-F800-4c08-8B7A-83BB121AAD01}</UniqueIdentifier>
      <Extensions>rc;ico;cur;bmp;dlg;rc2;rct;bin;rgs;gif;jpg;jpeg;jpe;resx;tiff;tif;png;wav;mfcribbon-ms</Extensions>
    </Filter>
  </ItemGroup>
  <ItemGroup>
    <ClCompile Include="Widget.cpp">
      <Filter>Archivos de origen</Filter>
    </ClCompile>
    <ClCompile Include="WidgetManager.cpp">
      <Filter>Archivos de origen</Filter>
    </ClCompile>
    <ClCompile Include="ZLayout.cpp">
      <Filter>Archivos de origen</Filter>
    </ClCompile>
    <ClCompile Include="LabelWidget.cpp">
      <Filter>Archivos de origen</Filter>
    </ClCompile>
    <ClCompile Include="SpriteWidget.cpp">
      <Filter>Archivos de origen</Filter>
    </ClCompile>
    <ClCompile Include="ButtonWidget.cpp">
      <Filter>Archivos de origen</Filter>
    </ClCompile>
    <ClCompile Include="Linear.cpp">
      <Filter>Archivos de origen</Filter>
    </ClCompile>
    <ClCompile Include="Stack.cpp">
      <Filter>Archivos de origen</Filter>
    </ClCompile>
    <ClCompile Include="StyleComponet.cpp">
      <Filter>Archivos de origen</Filter>
    </ClCompile>
    <ClCompile Include="Color.cpp">
      <Filter>Archivos de origen</Filter>
    </ClCompile>
    <ClCompile Include="StackingContext.cpp">
      <Filter>Archivos de origen</Filter>
    </ClCompile>
    <ClCompile Include="StackingNode.cpp">
      <Filter>Archivos de origen</Filter>
    </ClCompile>
    <ClCompile Include="Stacking.cpp">
      <Filter>Archivos de origen</Filter>
    </ClCompile>
    <ClCompile Include="Label.cpp">
      <Filter>Archivos de origen</Filter>
    </ClCompile>
    <ClCompile Include="TextWidget.cpp">
      <Filter>Archivos de origen</Filter>
    </ClCompile>
  </ItemGroup>
  <ItemGroup>
    <ClInclude Include="Widget.h">
      <Filter>Archivos de encabezado</Filter>
    </ClInclude>
    <ClInclude Include="WidgetManager.h">
      <Filter>Archivos de encabezado</Filter>
    </ClInclude>
    <ClInclude Include="Event1.h">
      <Filter>Archivos de encabezado</Filter>
    </ClInclude>
    <ClInclude Include="Style.h">
      <Filter>Archivos de encabezado</Filter>
    </ClInclude>
    <ClInclude Include="ZLayout.h">
      <Filter>Archivos de encabezado</Filter>
    </ClInclude>
    <ClInclude Include="LabelWidget.h">
      <Filter>Archivos de encabezado</Filter>
    </ClInclude>
    <ClInclude Include="SpriteWidget.h">
      <Filter>Archivos de encabezado</Filter>
    </ClInclude>
    <ClInclude Include="ButtonWidget.h">
      <Filter>Archivos de encabezado</Filter>
    </ClInclude>
    <ClInclude Include="Layout.h">
      <Filter>Archivos de encabezado</Filter>
    </ClInclude>
    <ClInclude Include="Linear.h">
      <Filter>Archivos de encabezado</Filter>
    </ClInclude>
    <ClInclude Include="Stack.h">
      <Filter>Archivos de encabezado</Filter>
    </ClInclude>
    <ClInclude Include="StyleComponet.h">
      <Filter>Archivos de encabezado</Filter>
    </ClInclude>
    <ClInclude Include="Color.h">
      <Filter>Archivos de encabezado</Filter>
    </ClInclude>
    <ClInclude Include="StackingContext.h">
      <Filter>Archivos de encabezado</Filter>
    </ClInclude>
    <ClInclude Include="StackingNode.h">
      <Filter>Archivos de encabezado</Filter>
    </ClInclude>
    <ClInclude Include="Stacking.h">
      <Filter>Archivos de encabezado</Filter>
    </ClInclude>
    <ClInclude Include="Label.h">
      <Filter>Archivos de encabezado</Filter>
    </ClInclude>
    <ClInclude Include="TextWidget.h">
      <Filter>Archivos de encabezado</Filter>
    </ClInclude>
  </ItemGroup>
</Project>