<?xml version="1.0" encoding="utf-8"?>
<Project ToolsVersion="4.0" xmlns="http://schemas.microsoft.com/developer/msbuild/2003">
  <ItemGroup>
    <Filter Include="Archivos de origen">
      <UniqueIdentifier>{4FC737F1-C7A5-4376-A066-2A32D752A2FF}</UniqueIdentifier>
      <Extensions>cpp;c;cc;cxx;c++;cppm;ixx;def;odl;idl;hpj;bat;asm;asmx</Extensions>
    </Filter>
    <Filter Include="Archivos de encabezado">
      <UniqueIdentifier>{93995380-89BD-4b04-88EB-625FBE52EBFB}</UniqueIdentifier>
      <Extensions>h;hh;hpp;hxx;h++;hm;inl;inc;ipp;xsd</Extensions>
    </Filter>
    <Filter Include="Archivos de recursos">
      <UniqueIdentifier>{67DA6AB6-F800-4c08-8B7A-83BB121AAD01}</UniqueIdentifier>
      <Extensions>rc;ico;cur;bmp;dlg;rc2;rct;bin;rgs;gif;jpg;jpeg;jpe;resx;tiff;tif;png;wav;mfcribbon-ms</Extensions>
    </Filter>
  </ItemGroup>
  <ItemGroup>
    <ClInclude Include="Renderer.h">
      <Filter>Archivos de encabezado</Filter>
    </ClInclude>
    <ClInclude Include="VulkanFactory.h">
      <Filter>Archivos de encabezado</Filter>
    </ClInclude>
    <ClInclude Include="PhysicalDevice.h">
      <Filter>Archivos de encabezado</Filter>
    </ClInclude>
    <ClInclude Include="SwapChain.h">
      <Filter>Archivos de encabezado</Filter>
    </ClInclude>
    <ClInclude Include="Device.h">
      <Filter>Archivos de encabezado</Filter>
    </ClInclude>
    <ClInclude Include="VulkanProperty.h">
      <Filter>Archivos de encabezado</Filter>
    </ClInclude>
    <ClInclude Include="VulkanText.h">
      <Filter>Archivos de encabezado</Filter>
    </ClInclude>
    <ClInclude Include="Vulkan.h">
      <Filter>Archivos de encabezado</Filter>
    </ClInclude>
    <ClInclude Include="SpriteManager.h">
      <Filter>Archivos de encabezado</Filter>
    </ClInclude>
    <ClInclude Include="VulkanEntity.h">
      <Filter>Archivos de encabezado</Filter>
    </ClInclude>
    <ClInclude Include="TextureManager.h">
      <Filter>Archivos de encabezado</Filter>
    </ClInclude>
    <ClInclude Include="Entity.h">
      <Filter>Archivos de encabezado</Filter>
    </ClInclude>
    <ClInclude Include="MeshManager.h">
      <Filter>Archivos de encabezado</Filter>
    </ClInclude>
    <ClInclude Include="MeshEntity.h">
      <Filter>Archivos de encabezado</Filter>
    </ClInclude>
    <ClInclude Include="ShadowWorld.h">
      <Filter>Archivos de encabezado</Filter>
    </ClInclude>
    <ClInclude Include="TextEntity.h">
      <Filter>Archivos de encabezado</Filter>
    </ClInclude>
  </ItemGroup>
  <ItemGroup>
    <ClCompile Include="Renderer.cpp">
      <Filter>Archivos de origen</Filter>
    </ClCompile>
    <ClCompile Include="VulkanFactory.cpp">
      <Filter>Archivos de origen</Filter>
    </ClCompile>
    <ClCompile Include="PhysicalDevice.cpp">
      <Filter>Archivos de origen</Filter>
    </ClCompile>
    <ClCompile Include="SwapChain.cpp">
      <Filter>Archivos de origen</Filter>
    </ClCompile>
    <ClCompile Include="Device.cpp">
      <Filter>Archivos de origen</Filter>
    </ClCompile>
    <ClCompile Include="VulkanProperty.cpp">
      <Filter>Archivos de origen</Filter>
    </ClCompile>
    <ClCompile Include="VulkanText.cpp">
      <Filter>Archivos de origen</Filter>
    </ClCompile>
    <ClCompile Include="SpriteManager.cpp">
      <Filter>Archivos de origen</Filter>
    </ClCompile>
    <ClCompile Include="VulkanEntity.cpp">
      <Filter>Archivos de origen</Filter>
    </ClCompile>
    <ClCompile Include="TextureManager.cpp">
      <Filter>Archivos de origen</Filter>
    </ClCompile>
    <ClCompile Include="Entity.cpp">
      <Filter>Archivos de origen</Filter>
    </ClCompile>
    <ClCompile Include="MeshManager.cpp">
      <Filter>Archivos de origen</Filter>
    </ClCompile>
    <ClCompile Include="MeshEntity.cpp">
      <Filter>Archivos de origen</Filter>
    </ClCompile>
    <ClCompile Include="ShadowWorld.cpp">
      <Filter>Archivos de origen</Filter>
    </ClCompile>
    <ClCompile Include="TextEntity.cpp">
      <Filter>Archivos de origen</Filter>
    </ClCompile>
  </ItemGroup>
</Project>